<?xml version="1.0" encoding="UTF-8" standalone="yes" ?>
<CodeBlocks_project_file>
	<FileVersion major="1" minor="6" />
	<Project>
		<Option title="planet" />
		<Option pch_mode="2" />
		<Option compiler="gcc" />
		<Build>
			<Target title="Debug">
				<Option output="bin/Debug/planet" prefix_auto="1" extension_auto="1" />
				<Option object_output="obj/Debug/" />
				<Option type="1" />
				<Option compiler="gcc" />
				<Compiler>
					<Add option="-std=c++11" />
					<Add option="-g" />
				</Compiler>
				<Linker>
					<Add library="sfgui" />
				</Linker>
			</Target>
			<Target title="all">
				<Option output="build/planet" prefix_auto="1" extension_auto="1" />
				<Option object_output="build/" />
				<Option type="0" />
				<Option compiler="gcc" />
				<Compiler>
					<Add option="-O2" />
				</Compiler>
				<Linker>
					<Add option="-s" />
				</Linker>
			</Target>
		</Build>
		<Compiler>
			<Add option="-Wall" />
		</Compiler>
		<Linker>
			<Add library="sfml-graphics" />
			<Add library="sfml-window" />
			<Add library="sfml-system" />
		</Linker>
		<Unit filename="cb.bmp" />
		<Unit filename="celestialobject.cpp" />
		<Unit filename="celestialobject.h" />
		<Unit filename="consts.h" />
		<Unit filename="debugwindow.cpp" />
		<Unit filename="debugwindow.h" />
		<Unit filename="easylogging++.h" />
		<Unit filename="exceptions.h" />
		<Unit filename="gamedesktop.cpp" />
		<Unit filename="gamedesktop.h" />
		<Unit filename="gameengine.cpp" />
		<Unit filename="gameengine.h" />
		<Unit filename="gameobject.h" />
		<Unit filename="gamestate.h" />
		<Unit filename="introstate.cpp" />
		<Unit filename="introstate.h" />
		<Unit filename="main.cpp" />
		<Unit filename="playstate.cpp" />
		<Unit filename="playstate.h" />
		<Unit filename="property.h" />
		<Unit filename="space.cpp" />
		<Unit filename="space.h" />
		<Extensions>
			<envvars />
			<code_completion />
			<debugger />
			<lib_finder disable_auto="1">
				<lib name="sfgui" />
			</lib_finder>
			<DoxyBlocks>
				<comment_style block="0" line="0" />
				<doxyfile_project />
				<doxyfile_build />
				<doxyfile_warnings />
				<doxyfile_output />
				<doxyfile_dot />
				<general />
			</DoxyBlocks>
		</Extensions>
	</Project>
</CodeBlocks_project_file>
